{
  "name": "@npm_from_shihab/button",
  "version": "0.1.0",
  "lockfileVersion": 1,
  "requires": true,
  "dependencies": {
    "@npm_from_shihab/zee-table-row": {
      "version": "1.1.0",
      "resolved": "https://registry.npmjs.org/@npm_from_shihab/zee-table-row/-/zee-table-row-1.1.0.tgz",
      "integrity": "sha512-Ze/yyuC4LKs9cD8gT8G2wC2XgOmWOOGHtrm95O0tnIVPVXMHFk2I6WDZEr6msjmKTTD4/2auNETjNTyxvwM5HQ=="
    },
    "source-list-map": {
      "version": "2.0.1",
      "resolved": "https://registry.npmjs.org/source-list-map/-/source-list-map-2.0.1.tgz",
      "integrity": "sha512-qnQ7gVMxGNxsiL4lEuJwe/To8UnK7fAnmbGEEH8RpLouuKbeEm0lhbQVFIrNSuB+G7tVrAlVsZgETT5nljf+Iw==",
      "dev": true
    },
    "source-map": {
      "version": "0.6.1",
      "resolved": "https://registry.npmjs.org/source-map/-/source-map-0.6.1.tgz",
      "integrity": "sha512-UjgapumWlbMhkBgzT7Ykc5YXUT46F0iKu8SGXq0bcwP5dz/h0Plj6enJqjz1Zbq2l5WaqYnrVbwWOWMyF3F47g==",
      "dev": true
    },
    "storybook-dep-webpack-plugin": {
      "version": "1.0.3",
      "resolved": "https://registry.npmjs.org/storybook-dep-webpack-plugin/-/storybook-dep-webpack-plugin-1.0.3.tgz",
      "integrity": "sha512-lVZnAKHdJbhYmF1QNZW8dlVD3zgC1e0Yjzh7S+KPg0pjisorpJqULyjx0KT8Klxo4z0XjFOCKYYQV3oMqNCisA==",
      "dev": true,
      "requires": {
        "webpack-sources": "^1.3.0"
      }
    },
    "webpack-sources": {
      "version": "1.4.3",
      "resolved": "https://registry.npmjs.org/webpack-sources/-/webpack-sources-1.4.3.tgz",
      "integrity": "sha512-lgTS3Xhv1lCOKo7SA5TjKXMjpSM4sBjNV5+q2bqesbSPs5FjGmU6jjtBSkX9b4qW87vDIsCIlUPOEhbZrMdjeQ==",
      "dev": true,
      "requires": {
        "source-list-map": "^2.0.0",
        "source-map": "~0.6.1"
      }
    }
  }
}
